
Microsoft Visual Studio Solution File, Format Version 12.00
# Visual Studio Version 16
VisualStudioVersion = 16.0.31702.278
MinimumVisualStudioVersion = 10.0.40219.1
Project("{FAE04EC0-301F-11D3-BF4B-00C04F79EFBC}") = "SQ009Portfolio", "SQ009Portfolio\SQ009Portfolio.csproj", "{C377FA9E-6B5B-4211-B8B3-40FB3A62C1E8}"
EndProject
Global
	GlobalSection(SolutionConfigurationPlatforms) = preSolution
		Debug|Any CPU = Debug|Any CPU
		Release|Any CPU = Release|Any CPU
	EndGlobalSection
	GlobalSection(ProjectConfigurationPlatforms) = postSolution
		{C377FA9E-6B5B-4211-B8B3-40FB3A62C1E8}.Debug|Any CPU.ActiveCfg = Debug|Any CPU
		{C377FA9E-6B5B-4211-B8B3-40FB3A62C1E8}.Debug|Any CPU.Build.0 = Debug|Any CPU
		{C377FA9E-6B5B-4211-B8B3-40FB3A62C1E8}.Release|Any CPU.ActiveCfg = Release|Any CPU
		{C377FA9E-6B5B-4211-B8B3-40FB3A62C1E8}.Release|Any CPU.Build.0 = Release|Any CPU
	EndGlobalSection
	GlobalSection(SolutionProperties) = preSolution
		HideSolutionNode = FALSE
	EndGlobalSection
	GlobalSection(ExtensibilityGlobals) = postSolution
		SolutionGuid = {C0FEB52A-984B-4829-BDD0-8066B1167E8E}
	EndGlobalSection
EndGlobal
